// !$*UTF8*$!
{
	archiveVersion = 1;
	classes = {
	};
	objectVersion = 46;
	objects = {

/* Begin PBXBuildFile section */
		EC0D2DF21AE833DE00595A61 /* XCTestCase+Helper.swift in Sources */ = {isa = PBXBuildFile; fileRef = EC0D2DF11AE833DE00595A61 /* XCTestCase+Helper.swift */; };
		EC37D21F1AE538F400507465 /* Mass+JSON.swift in Sources */ = {isa = PBXBuildFile; fileRef = EC37D21E1AE538F400507465 /* Mass+JSON.swift */; };
		EC37D2201AE538F400507465 /* Mass+JSON.swift in Sources */ = {isa = PBXBuildFile; fileRef = EC37D21E1AE538F400507465 /* Mass+JSON.swift */; };
		EC37D2221AE53E5400507465 /* AlternativeNamesManager.swift in Sources */ = {isa = PBXBuildFile; fileRef = EC37D2211AE53E5400507465 /* AlternativeNamesManager.swift */; };
		EC37D2231AE53E5400507465 /* AlternativeNamesManager.swift in Sources */ = {isa = PBXBuildFile; fileRef = EC37D2211AE53E5400507465 /* AlternativeNamesManager.swift */; };
		EC3B4C291AE3BF0100342628 /* AppDelegate.swift in Sources */ = {isa = PBXBuildFile; fileRef = EC3B4C281AE3BF0100342628 /* AppDelegate.swift */; };
		EC3B4C2B1AE3BF0100342628 /* ViewController.swift in Sources */ = {isa = PBXBuildFile; fileRef = EC3B4C2A1AE3BF0100342628 /* ViewController.swift */; };
		EC3B4C2E1AE3BF0100342628 /* Main.storyboard in Resources */ = {isa = PBXBuildFile; fileRef = EC3B4C2C1AE3BF0100342628 /* Main.storyboard */; };
		EC3B4C301AE3BF0100342628 /* Images.xcassets in Resources */ = {isa = PBXBuildFile; fileRef = EC3B4C2F1AE3BF0100342628 /* Images.xcassets */; };
		EC3B4C331AE3BF0200342628 /* LaunchScreen.xib in Resources */ = {isa = PBXBuildFile; fileRef = EC3B4C311AE3BF0200342628 /* LaunchScreen.xib */; };
		EC3B4C3F1AE3BF0200342628 /* VolumeTests.swift in Sources */ = {isa = PBXBuildFile; fileRef = EC3B4C3E1AE3BF0200342628 /* VolumeTests.swift */; };
		EC3B4C4C1AE3C05700342628 /* VolumeUnit.swift in Sources */ = {isa = PBXBuildFile; fileRef = EC3B4C4B1AE3C05700342628 /* VolumeUnit.swift */; };
		EC3B4C4D1AE3C05700342628 /* VolumeUnit.swift in Sources */ = {isa = PBXBuildFile; fileRef = EC3B4C4B1AE3C05700342628 /* VolumeUnit.swift */; };
		EC3B4C4F1AE3C07F00342628 /* Mass.swift in Sources */ = {isa = PBXBuildFile; fileRef = EC3B4C4E1AE3C07F00342628 /* Mass.swift */; };
		EC3B4C501AE3C07F00342628 /* Mass.swift in Sources */ = {isa = PBXBuildFile; fileRef = EC3B4C4E1AE3C07F00342628 /* Mass.swift */; };
		EC3B4C521AE3C0F700342628 /* MassTests.swift in Sources */ = {isa = PBXBuildFile; fileRef = EC3B4C511AE3C0F700342628 /* MassTests.swift */; };
		EC3B4C541AE3D4B500342628 /* Volume.swift in Sources */ = {isa = PBXBuildFile; fileRef = EC3B4C531AE3D4B500342628 /* Volume.swift */; };
		EC3B4C551AE3D4B500342628 /* Volume.swift in Sources */ = {isa = PBXBuildFile; fileRef = EC3B4C531AE3D4B500342628 /* Volume.swift */; };
		EC3B4C571AE3D69300342628 /* Measurement.swift in Sources */ = {isa = PBXBuildFile; fileRef = EC3B4C561AE3D69300342628 /* Measurement.swift */; };
		EC3B4C581AE3D69300342628 /* Measurement.swift in Sources */ = {isa = PBXBuildFile; fileRef = EC3B4C561AE3D69300342628 /* Measurement.swift */; };
		EC3B4C6A1AE3E56800342628 /* MassAlternativeNames.json in Resources */ = {isa = PBXBuildFile; fileRef = EC3B4C681AE3E56800342628 /* MassAlternativeNames.json */; };
		EC3B4C6B1AE3E56800342628 /* MassAlternativeNames.json in Resources */ = {isa = PBXBuildFile; fileRef = EC3B4C681AE3E56800342628 /* MassAlternativeNames.json */; };
		EC65BE541AEF759600E9B46F /* Arbitrary.swift in Sources */ = {isa = PBXBuildFile; fileRef = EC65BE521AEF759600E9B46F /* Arbitrary.swift */; };
		EC677DDC1AF658810046AE2B /* MassUnit.swift in Sources */ = {isa = PBXBuildFile; fileRef = EC677DDB1AF658810046AE2B /* MassUnit.swift */; };
		ECB372A21AFBF10F002CCE64 /* MassUnit.swift in Sources */ = {isa = PBXBuildFile; fileRef = EC677DDB1AF658810046AE2B /* MassUnit.swift */; };
		ECB372A41AFE9996002CCE64 /* UnitProtocol.swift in Sources */ = {isa = PBXBuildFile; fileRef = ECB372A31AFE9996002CCE64 /* UnitProtocol.swift */; };
		ECB372A51AFE9996002CCE64 /* UnitProtocol.swift in Sources */ = {isa = PBXBuildFile; fileRef = ECB372A31AFE9996002CCE64 /* UnitProtocol.swift */; };
		ECB372A71AFE9F06002CCE64 /* UnitConstruct.swift in Sources */ = {isa = PBXBuildFile; fileRef = ECB372A61AFE9F06002CCE64 /* UnitConstruct.swift */; };
		ECB372A81AFE9F06002CCE64 /* UnitConstruct.swift in Sources */ = {isa = PBXBuildFile; fileRef = ECB372A61AFE9F06002CCE64 /* UnitConstruct.swift */; };
		ECE3E3761AF64A65003ED924 /* VolumeAlternativeNames.json in Resources */ = {isa = PBXBuildFile; fileRef = ECE3E3791AF64A65003ED924 /* VolumeAlternativeNames.json */; };
		ECE3E3771AF64A65003ED924 /* VolumeAlternativeNames.json in Resources */ = {isa = PBXBuildFile; fileRef = ECE3E3791AF64A65003ED924 /* VolumeAlternativeNames.json */; };
/* End PBXBuildFile section */

/* Begin PBXContainerItemProxy section */
		EC3B4C391AE3BF0200342628 /* PBXContainerItemProxy */ = {
			isa = PBXContainerItemProxy;
			containerPortal = EC3B4C1B1AE3BF0100342628 /* Project object */;
			proxyType = 1;
			remoteGlobalIDString = EC3B4C221AE3BF0100342628;
			remoteInfo = "Indus Valley";
		};
/* End PBXContainerItemProxy section */

/* Begin PBXFileReference section */
		EC0D2DF11AE833DE00595A61 /* XCTestCase+Helper.swift */ = {isa = PBXFileReference; fileEncoding = 4; lastKnownFileType = sourcecode.swift; path = "XCTestCase+Helper.swift"; sourceTree = "<group>"; };
		EC37D21E1AE538F400507465 /* Mass+JSON.swift */ = {isa = PBXFileReference; fileEncoding = 4; lastKnownFileType = sourcecode.swift; path = "Mass+JSON.swift"; sourceTree = "<group>"; };
		EC37D2211AE53E5400507465 /* AlternativeNamesManager.swift */ = {isa = PBXFileReference; fileEncoding = 4; lastKnownFileType = sourcecode.swift; path = AlternativeNamesManager.swift; sourceTree = "<group>"; };
		EC3B4C231AE3BF0100342628 /* Indus Valley.app */ = {isa = PBXFileReference; explicitFileType = wrapper.application; includeInIndex = 0; path = "Indus Valley.app"; sourceTree = BUILT_PRODUCTS_DIR; };
		EC3B4C271AE3BF0100342628 /* Info.plist */ = {isa = PBXFileReference; lastKnownFileType = text.plist.xml; path = Info.plist; sourceTree = "<group>"; };
		EC3B4C281AE3BF0100342628 /* AppDelegate.swift */ = {isa = PBXFileReference; lastKnownFileType = sourcecode.swift; path = AppDelegate.swift; sourceTree = "<group>"; };
		EC3B4C2A1AE3BF0100342628 /* ViewController.swift */ = {isa = PBXFileReference; lastKnownFileType = sourcecode.swift; path = ViewController.swift; sourceTree = "<group>"; };
		EC3B4C2D1AE3BF0100342628 /* Base */ = {isa = PBXFileReference; lastKnownFileType = file.storyboard; name = Base; path = Base.lproj/Main.storyboard; sourceTree = "<group>"; };
		EC3B4C2F1AE3BF0100342628 /* Images.xcassets */ = {isa = PBXFileReference; lastKnownFileType = folder.assetcatalog; path = Images.xcassets; sourceTree = "<group>"; };
		EC3B4C321AE3BF0200342628 /* Base */ = {isa = PBXFileReference; lastKnownFileType = file.xib; name = Base; path = Base.lproj/LaunchScreen.xib; sourceTree = "<group>"; };
		EC3B4C381AE3BF0200342628 /* Indus ValleyTests.xctest */ = {isa = PBXFileReference; explicitFileType = wrapper.cfbundle; includeInIndex = 0; path = "Indus ValleyTests.xctest"; sourceTree = BUILT_PRODUCTS_DIR; };
		EC3B4C3D1AE3BF0200342628 /* Info.plist */ = {isa = PBXFileReference; lastKnownFileType = text.plist.xml; path = Info.plist; sourceTree = "<group>"; };
		EC3B4C3E1AE3BF0200342628 /* VolumeTests.swift */ = {isa = PBXFileReference; lastKnownFileType = sourcecode.swift; path = VolumeTests.swift; sourceTree = "<group>"; };
		EC3B4C4B1AE3C05700342628 /* VolumeUnit.swift */ = {isa = PBXFileReference; fileEncoding = 4; lastKnownFileType = sourcecode.swift; path = VolumeUnit.swift; sourceTree = "<group>"; };
		EC3B4C4E1AE3C07F00342628 /* Mass.swift */ = {isa = PBXFileReference; fileEncoding = 4; lastKnownFileType = sourcecode.swift; path = Mass.swift; sourceTree = "<group>"; };
		EC3B4C511AE3C0F700342628 /* MassTests.swift */ = {isa = PBXFileReference; fileEncoding = 4; lastKnownFileType = sourcecode.swift; path = MassTests.swift; sourceTree = "<group>"; };
		EC3B4C531AE3D4B500342628 /* Volume.swift */ = {isa = PBXFileReference; fileEncoding = 4; lastKnownFileType = sourcecode.swift; path = Volume.swift; sourceTree = "<group>"; };
		EC3B4C561AE3D69300342628 /* Measurement.swift */ = {isa = PBXFileReference; fileEncoding = 4; lastKnownFileType = sourcecode.swift; path = Measurement.swift; sourceTree = "<group>"; };
		EC3B4C6C1AE3E56F00342628 /* en */ = {isa = PBXFileReference; lastKnownFileType = text.json; name = en; path = en.lproj/MassAlternativeNames.json; sourceTree = "<group>"; };
		EC65BE521AEF759600E9B46F /* Arbitrary.swift */ = {isa = PBXFileReference; fileEncoding = 4; lastKnownFileType = sourcecode.swift; name = Arbitrary.swift; path = "../Indus Valley/Arbitrary.swift"; sourceTree = "<group>"; };
		EC677DDB1AF658810046AE2B /* MassUnit.swift */ = {isa = PBXFileReference; fileEncoding = 4; lastKnownFileType = sourcecode.swift; path = MassUnit.swift; sourceTree = "<group>"; };
		ECB372A31AFE9996002CCE64 /* UnitProtocol.swift */ = {isa = PBXFileReference; fileEncoding = 4; lastKnownFileType = sourcecode.swift; path = UnitProtocol.swift; sourceTree = "<group>"; };
		ECB372A61AFE9F06002CCE64 /* UnitConstruct.swift */ = {isa = PBXFileReference; fileEncoding = 4; lastKnownFileType = sourcecode.swift; path = UnitConstruct.swift; sourceTree = "<group>"; };
		ECE3E3781AF64A65003ED924 /* en */ = {isa = PBXFileReference; lastKnownFileType = text.json; name = en; path = en.lproj/VolumeAlternativeNames.json; sourceTree = "<group>"; };
		ECE3E37B1AF64AAD003ED924 /* nb */ = {isa = PBXFileReference; lastKnownFileType = text.json; name = nb; path = nb.lproj/MassAlternativeNames.json; sourceTree = "<group>"; };
		ECE3E37C1AF64AAD003ED924 /* nb */ = {isa = PBXFileReference; lastKnownFileType = text.json; name = nb; path = nb.lproj/VolumeAlternativeNames.json; sourceTree = "<group>"; };
/* End PBXFileReference section */

/* Begin PBXFrameworksBuildPhase section */
		EC3B4C201AE3BF0100342628 /* Frameworks */ = {
			isa = PBXFrameworksBuildPhase;
			buildActionMask = 2147483647;
			files = (
			);
			runOnlyForDeploymentPostprocessing = 0;
		};
		EC3B4C351AE3BF0200342628 /* Frameworks */ = {
			isa = PBXFrameworksBuildPhase;
			buildActionMask = 2147483647;
			files = (
			);
			runOnlyForDeploymentPostprocessing = 0;
		};
/* End PBXFrameworksBuildPhase section */

/* Begin PBXGroup section */
		EC3B4C1A1AE3BF0100342628 = {
			isa = PBXGroup;
			children = (
				EC3B4C251AE3BF0100342628 /* Indus Valley */,
				EC3B4C3B1AE3BF0200342628 /* Indus ValleyTests */,
				EC3B4C241AE3BF0100342628 /* Products */,
			);
			sourceTree = "<group>";
		};
		EC3B4C241AE3BF0100342628 /* Products */ = {
			isa = PBXGroup;
			children = (
				EC3B4C231AE3BF0100342628 /* Indus Valley.app */,
				EC3B4C381AE3BF0200342628 /* Indus ValleyTests.xctest */,
			);
			name = Products;
			sourceTree = "<group>";
		};
		EC3B4C251AE3BF0100342628 /* Indus Valley */ = {
			isa = PBXGroup;
			children = (
				EC3B4C281AE3BF0100342628 /* AppDelegate.swift */,
				EC3B4C2A1AE3BF0100342628 /* ViewController.swift */,
				EC3B4C2C1AE3BF0100342628 /* Main.storyboard */,
				EC3B4C2F1AE3BF0100342628 /* Images.xcassets */,
				EC3B4C311AE3BF0200342628 /* LaunchScreen.xib */,
				EC3B4C681AE3E56800342628 /* MassAlternativeNames.json */,
				ECE3E3791AF64A65003ED924 /* VolumeAlternativeNames.json */,
				EC37D2211AE53E5400507465 /* AlternativeNamesManager.swift */,
				EC3B4C561AE3D69300342628 /* Measurement.swift */,
				ECB372A31AFE9996002CCE64 /* UnitProtocol.swift */,
				ECB372A61AFE9F06002CCE64 /* UnitConstruct.swift */,
				EC3B4C4E1AE3C07F00342628 /* Mass.swift */,
				EC677DDB1AF658810046AE2B /* MassUnit.swift */,
				EC3B4C4B1AE3C05700342628 /* VolumeUnit.swift */,
				EC3B4C531AE3D4B500342628 /* Volume.swift */,
				EC37D21E1AE538F400507465 /* Mass+JSON.swift */,
				EC3B4C261AE3BF0100342628 /* Supporting Files */,
			);
			path = "Indus Valley";
			sourceTree = "<group>";
		};
		EC3B4C261AE3BF0100342628 /* Supporting Files */ = {
			isa = PBXGroup;
			children = (
				EC3B4C271AE3BF0100342628 /* Info.plist */,
			);
			name = "Supporting Files";
			sourceTree = "<group>";
		};
		EC3B4C3B1AE3BF0200342628 /* Indus ValleyTests */ = {
			isa = PBXGroup;
			children = (
				EC65BE521AEF759600E9B46F /* Arbitrary.swift */,
				EC3B4C3E1AE3BF0200342628 /* VolumeTests.swift */,
				EC3B4C511AE3C0F700342628 /* MassTests.swift */,
				EC0D2DF11AE833DE00595A61 /* XCTestCase+Helper.swift */,
				EC3B4C3C1AE3BF0200342628 /* Supporting Files */,
			);
			path = "Indus ValleyTests";
			sourceTree = "<group>";
		};
		EC3B4C3C1AE3BF0200342628 /* Supporting Files */ = {
			isa = PBXGroup;
			children = (
				EC3B4C3D1AE3BF0200342628 /* Info.plist */,
			);
			name = "Supporting Files";
			sourceTree = "<group>";
		};
/* End PBXGroup section */

/* Begin PBXNativeTarget section */
		EC3B4C221AE3BF0100342628 /* Indus Valley */ = {
			isa = PBXNativeTarget;
			buildConfigurationList = EC3B4C421AE3BF0200342628 /* Build configuration list for PBXNativeTarget "Indus Valley" */;
			buildPhases = (
				EC3B4C1F1AE3BF0100342628 /* Sources */,
				EC3B4C201AE3BF0100342628 /* Frameworks */,
				EC3B4C211AE3BF0100342628 /* Resources */,
			);
			buildRules = (
			);
			dependencies = (
			);
			name = "Indus Valley";
			productName = "Indus Valley";
			productReference = EC3B4C231AE3BF0100342628 /* Indus Valley.app */;
			productType = "com.apple.product-type.application";
		};
		EC3B4C371AE3BF0200342628 /* Indus ValleyTests */ = {
			isa = PBXNativeTarget;
			buildConfigurationList = EC3B4C451AE3BF0200342628 /* Build configuration list for PBXNativeTarget "Indus ValleyTests" */;
			buildPhases = (
				EC3B4C341AE3BF0200342628 /* Sources */,
				EC3B4C351AE3BF0200342628 /* Frameworks */,
				EC3B4C361AE3BF0200342628 /* Resources */,
			);
			buildRules = (
			);
			dependencies = (
				EC3B4C3A1AE3BF0200342628 /* PBXTargetDependency */,
			);
			name = "Indus ValleyTests";
			productName = "Indus ValleyTests";
			productReference = EC3B4C381AE3BF0200342628 /* Indus ValleyTests.xctest */;
			productType = "com.apple.product-type.bundle.unit-test";
		};
/* End PBXNativeTarget section */

/* Begin PBXProject section */
		EC3B4C1B1AE3BF0100342628 /* Project object */ = {
			isa = PBXProject;
			attributes = {
				LastUpgradeCheck = 0630;
				ORGANIZATIONNAME = haaakon;
				TargetAttributes = {
					EC3B4C221AE3BF0100342628 = {
						CreatedOnToolsVersion = 6.3;
					};
					EC3B4C371AE3BF0200342628 = {
						CreatedOnToolsVersion = 6.3;
					};
				};
			};
			buildConfigurationList = EC3B4C1E1AE3BF0100342628 /* Build configuration list for PBXProject "Indus Valley" */;
			compatibilityVersion = "Xcode 3.2";
			developmentRegion = English;
			hasScannedForEncodings = 0;
			knownRegions = (
				en,
				Base,
				nb,
			);
			mainGroup = EC3B4C1A1AE3BF0100342628;
			productRefGroup = EC3B4C241AE3BF0100342628 /* Products */;
			projectDirPath = "";
			projectRoot = "";
			targets = (
				EC3B4C221AE3BF0100342628 /* Indus Valley */,
				EC3B4C371AE3BF0200342628 /* Indus ValleyTests */,
			);
		};
/* End PBXProject section */

/* Begin PBXResourcesBuildPhase section */
		EC3B4C211AE3BF0100342628 /* Resources */ = {
			isa = PBXResourcesBuildPhase;
			buildActionMask = 2147483647;
			files = (
				EC3B4C2E1AE3BF0100342628 /* Main.storyboard in Resources */,
				EC3B4C331AE3BF0200342628 /* LaunchScreen.xib in Resources */,
				ECE3E3761AF64A65003ED924 /* VolumeAlternativeNames.json in Resources */,
				EC3B4C6A1AE3E56800342628 /* MassAlternativeNames.json in Resources */,
				EC3B4C301AE3BF0100342628 /* Images.xcassets in Resources */,
			);
			runOnlyForDeploymentPostprocessing = 0;
		};
		EC3B4C361AE3BF0200342628 /* Resources */ = {
			isa = PBXResourcesBuildPhase;
			buildActionMask = 2147483647;
			files = (
				ECE3E3771AF64A65003ED924 /* VolumeAlternativeNames.json in Resources */,
				EC3B4C6B1AE3E56800342628 /* MassAlternativeNames.json in Resources */,
			);
			runOnlyForDeploymentPostprocessing = 0;
		};
/* End PBXResourcesBuildPhase section */

/* Begin PBXSourcesBuildPhase section */
		EC3B4C1F1AE3BF0100342628 /* Sources */ = {
			isa = PBXSourcesBuildPhase;
			buildActionMask = 2147483647;
			files = (
				EC3B4C2B1AE3BF0100342628 /* ViewController.swift in Sources */,
				ECB372A71AFE9F06002CCE64 /* UnitConstruct.swift in Sources */,
				EC37D21F1AE538F400507465 /* Mass+JSON.swift in Sources */,
				EC3B4C291AE3BF0100342628 /* AppDelegate.swift in Sources */,
				ECB372A41AFE9996002CCE64 /* UnitProtocol.swift in Sources */,
				EC37D2221AE53E5400507465 /* AlternativeNamesManager.swift in Sources */,
				EC3B4C541AE3D4B500342628 /* Volume.swift in Sources */,
				EC3B4C4C1AE3C05700342628 /* VolumeUnit.swift in Sources */,
				EC677DDC1AF658810046AE2B /* MassUnit.swift in Sources */,
				EC3B4C4F1AE3C07F00342628 /* Mass.swift in Sources */,
				EC3B4C571AE3D69300342628 /* Measurement.swift in Sources */,
			);
			runOnlyForDeploymentPostprocessing = 0;
		};
		EC3B4C341AE3BF0200342628 /* Sources */ = {
			isa = PBXSourcesBuildPhase;
			buildActionMask = 2147483647;
			files = (
				EC3B4C3F1AE3BF0200342628 /* VolumeTests.swift in Sources */,
				EC3B4C521AE3C0F700342628 /* MassTests.swift in Sources */,
				EC0D2DF21AE833DE00595A61 /* XCTestCase+Helper.swift in Sources */,
				ECB372A51AFE9996002CCE64 /* UnitProtocol.swift in Sources */,
				EC37D2201AE538F400507465 /* Mass+JSON.swift in Sources */,
				ECB372A21AFBF10F002CCE64 /* MassUnit.swift in Sources */,
				EC3B4C501AE3C07F00342628 /* Mass.swift in Sources */,
				EC37D2231AE53E5400507465 /* AlternativeNamesManager.swift in Sources */,
				EC3B4C551AE3D4B500342628 /* Volume.swift in Sources */,
				ECB372A81AFE9F06002CCE64 /* UnitConstruct.swift in Sources */,
				EC3B4C4D1AE3C05700342628 /* VolumeUnit.swift in Sources */,
				EC65BE541AEF759600E9B46F /* Arbitrary.swift in Sources */,
				EC3B4C581AE3D69300342628 /* Measurement.swift in Sources */,
			);
			runOnlyForDeploymentPostprocessing = 0;
		};
/* End PBXSourcesBuildPhase section */

/* Begin PBXTargetDependency section */
		EC3B4C3A1AE3BF0200342628 /* PBXTargetDependency */ = {
			isa = PBXTargetDependency;
			target = EC3B4C221AE3BF0100342628 /* Indus Valley */;
			targetProxy = EC3B4C391AE3BF0200342628 /* PBXContainerItemProxy */;
		};
/* End PBXTargetDependency section */

/* Begin PBXVariantGroup section */
		EC3B4C2C1AE3BF0100342628 /* Main.storyboard */ = {
			isa = PBXVariantGroup;
			children = (
				EC3B4C2D1AE3BF0100342628 /* Base */,
			);
			name = Main.storyboard;
			sourceTree = "<group>";
		};
		EC3B4C311AE3BF0200342628 /* LaunchScreen.xib */ = {
			isa = PBXVariantGroup;
			children = (
				EC3B4C321AE3BF0200342628 /* Base */,
			);
			name = LaunchScreen.xib;
			sourceTree = "<group>";
		};
		EC3B4C681AE3E56800342628 /* MassAlternativeNames.json */ = {
			isa = PBXVariantGroup;
			children = (
				EC3B4C6C1AE3E56F00342628 /* en */,
				ECE3E37B1AF64AAD003ED924 /* nb */,
			);
			name = MassAlternativeNames.json;
			sourceTree = "<group>";
		};
		ECE3E3791AF64A65003ED924 /* VolumeAlternativeNames.json */ = {
			isa = PBXVariantGroup;
			children = (
				ECE3E3781AF64A65003ED924 /* en */,
				ECE3E37C1AF64AAD003ED924 /* nb */,
			);
			name = VolumeAlternativeNames.json;
			sourceTree = "<group>";
		};
/* End PBXVariantGroup section */

/* Begin XCBuildConfiguration section */
		EC3B4C401AE3BF0200342628 /* Debug */ = {
			isa = XCBuildConfiguration;
			buildSettings = {
				ALWAYS_SEARCH_USER_PATHS = NO;
				CLANG_CXX_LANGUAGE_STANDARD = "gnu++0x";
				CLANG_CXX_LIBRARY = "libc++";
				CLANG_ENABLE_MODULES = YES;
				CLANG_ENABLE_OBJC_ARC = YES;
				CLANG_WARN_BOOL_CONVERSION = YES;
				CLANG_WARN_CONSTANT_CONVERSION = YES;
				CLANG_WARN_DIRECT_OBJC_ISA_USAGE = YES_ERROR;
				CLANG_WARN_EMPTY_BODY = YES;
				CLANG_WARN_ENUM_CONVERSION = YES;
				CLANG_WARN_INT_CONVERSION = YES;
				CLANG_WARN_OBJC_ROOT_CLASS = YES_ERROR;
				CLANG_WARN_UNREACHABLE_CODE = YES;
				CLANG_WARN__DUPLICATE_METHOD_MATCH = YES;
				"CODE_SIGN_IDENTITY[sdk=iphoneos*]" = "iPhone Developer";
				COPY_PHASE_STRIP = NO;
				DEBUG_INFORMATION_FORMAT = "dwarf-with-dsym";
				ENABLE_STRICT_OBJC_MSGSEND = YES;
				GCC_C_LANGUAGE_STANDARD = gnu99;
				GCC_DYNAMIC_NO_PIC = NO;
				GCC_NO_COMMON_BLOCKS = YES;
				GCC_OPTIMIZATION_LEVEL = 0;
				GCC_PREPROCESSOR_DEFINITIONS = (
					"DEBUG=1",
					"$(inherited)",
				);
				GCC_SYMBOLS_PRIVATE_EXTERN = NO;
				GCC_WARN_64_TO_32_BIT_CONVERSION = YES;
				GCC_WARN_ABOUT_RETURN_TYPE = YES_ERROR;
				GCC_WARN_UNDECLARED_SELECTOR = YES;
				GCC_WARN_UNINITIALIZED_AUTOS = YES_AGGRESSIVE;
				GCC_WARN_UNUSED_FUNCTION = YES;
				GCC_WARN_UNUSED_VARIABLE = YES;
				IPHONEOS_DEPLOYMENT_TARGET = 8.3;
				MTL_ENABLE_DEBUG_INFO = YES;
				ONLY_ACTIVE_ARCH = YES;
				SDKROOT = iphoneos;
				SWIFT_OPTIMIZATION_LEVEL = "-Onone";
				TARGETED_DEVICE_FAMILY = "1,2";
			};
			name = Debug;
		};
		EC3B4C411AE3BF0200342628 /* Release */ = {
			isa = XCBuildConfiguration;
			buildSettings = {
				ALWAYS_SEARCH_USER_PATHS = NO;
				CLANG_CXX_LANGUAGE_STANDARD = "gnu++0x";
				CLANG_CXX_LIBRARY = "libc++";
				CLANG_ENABLE_MODULES = YES;
				CLANG_ENABLE_OBJC_ARC = YES;
				CLANG_WARN_BOOL_CONVERSION = YES;
				CLANG_WARN_CONSTANT_CONVERSION = YES;
				CLANG_WARN_DIRECT_OBJC_ISA_USAGE = YES_ERROR;
				CLANG_WARN_EMPTY_BODY = YES;
				CLANG_WARN_ENUM_CONVERSION = YES;
				CLANG_WARN_INT_CONVERSION = YES;
				CLANG_WARN_OBJC_ROOT_CLASS = YES_ERROR;
				CLANG_WARN_UNREACHABLE_CODE = YES;
				CLANG_WARN__DUPLICATE_METHOD_MATCH = YES;
				"CODE_SIGN_IDENTITY[sdk=iphoneos*]" = "iPhone Developer";
				COPY_PHASE_STRIP = NO;
				DEBUG_INFORMATION_FORMAT = "dwarf-with-dsym";
				ENABLE_NS_ASSERTIONS = NO;
				ENABLE_STRICT_OBJC_MSGSEND = YES;
				GCC_C_LANGUAGE_STANDARD = gnu99;
				GCC_NO_COMMON_BLOCKS = YES;
				GCC_WARN_64_TO_32_BIT_CONVERSION = YES;
				GCC_WARN_ABOUT_RETURN_TYPE = YES_ERROR;
				GCC_WARN_UNDECLARED_SELECTOR = YES;
				GCC_WARN_UNINITIALIZED_AUTOS = YES_AGGRESSIVE;
				GCC_WARN_UNUSED_FUNCTION = YES;
				GCC_WARN_UNUSED_VARIABLE = YES;
				IPHONEOS_DEPLOYMENT_TARGET = 8.3;
				MTL_ENABLE_DEBUG_INFO = NO;
				SDKROOT = iphoneos;
				TARGETED_DEVICE_FAMILY = "1,2";
				VALIDATE_PRODUCT = YES;
			};
			name = Release;
		};
		EC3B4C431AE3BF0200342628 /* Debug */ = {
			isa = XCBuildConfiguration;
			buildSettings = {
				ASSETCATALOG_COMPILER_APPICON_NAME = AppIcon;
				CLANG_ENABLE_MODULES = YES;
				INFOPLIST_FILE = "Indus Valley/Info.plist";
				LD_RUNPATH_SEARCH_PATHS = "$(inherited) @executable_path/Frameworks";
				PRODUCT_NAME = "$(TARGET_NAME)";
				SWIFT_OPTIMIZATION_LEVEL = "-Onone";
			};
			name = Debug;
		};
		EC3B4C441AE3BF0200342628 /* Release */ = {
			isa = XCBuildConfiguration;
			buildSettings = {
				ASSETCATALOG_COMPILER_APPICON_NAME = AppIcon;
				CLANG_ENABLE_MODULES = YES;
				INFOPLIST_FILE = "Indus Valley/Info.plist";
				LD_RUNPATH_SEARCH_PATHS = "$(inherited) @executable_path/Frameworks";
				PRODUCT_NAME = "$(TARGET_NAME)";
			};
			name = Release;
		};
		EC3B4C461AE3BF0200342628 /* Debug */ = {
			isa = XCBuildConfiguration;
			buildSettings = {
				CLANG_ENABLE_MODULES = YES;
				FRAMEWORK_SEARCH_PATHS = (
					"$(SDKROOT)/Developer/Library/Frameworks",
					"$(inherited)",
				);
				GCC_PREPROCESSOR_DEFINITIONS = (
					"DEBUG=1",
					"$(inherited)",
				);
				INFOPLIST_FILE = "Indus ValleyTests/Info.plist";
				LD_RUNPATH_SEARCH_PATHS = "$(inherited) @executable_path/Frameworks @loader_path/Frameworks";
				PRODUCT_NAME = "$(TARGET_NAME)";
				SWIFT_OPTIMIZATION_LEVEL = "-Onone";
			};
			name = Debug;
		};
		EC3B4C471AE3BF0200342628 /* Release */ = {
			isa = XCBuildConfiguration;
			buildSettings = {
				CLANG_ENABLE_MODULES = YES;
				FRAMEWORK_SEARCH_PATHS = (
					"$(SDKROOT)/Developer/Library/Frameworks",
					"$(inherited)",
				);
				INFOPLIST_FILE = "Indus ValleyTests/Info.plist";
				LD_RUNPATH_SEARCH_PATHS = "$(inherited) @executable_path/Frameworks @loader_path/Frameworks";
				PRODUCT_NAME = "$(TARGET_NAME)";
			};
			name = Release;
		};
/* End XCBuildConfiguration section */

/* Begin XCConfigurationList section */
		EC3B4C1E1AE3BF0100342628 /* Build configuration list for PBXProject "Indus Valley" */ = {
			isa = XCConfigurationList;
			buildConfigurations = (
				EC3B4C401AE3BF0200342628 /* Debug */,
				EC3B4C411AE3BF0200342628 /* Release */,
			);
			defaultConfigurationIsVisible = 0;
			defaultConfigurationName = Release;
		};
		EC3B4C421AE3BF0200342628 /* Build configuration list for PBXNativeTarget "Indus Valley" */ = {
			isa = XCConfigurationList;
			buildConfigurations = (
				EC3B4C431AE3BF0200342628 /* Debug */,
				EC3B4C441AE3BF0200342628 /* Release */,
			);
			defaultConfigurationIsVisible = 0;
			defaultConfigurationName = Release;
		};
		EC3B4C451AE3BF0200342628 /* Build configuration list for PBXNativeTarget "Indus ValleyTests" */ = {
			isa = XCConfigurationList;
			buildConfigurations = (
				EC3B4C461AE3BF0200342628 /* Debug */,
				EC3B4C471AE3BF0200342628 /* Release */,
			);
			defaultConfigurationIsVisible = 0;
			defaultConfigurationName = Release;
		};
/* End XCConfigurationList section */
	};
	rootObject = EC3B4C1B1AE3BF0100342628 /* Project object */;
}
