// !$*UTF8*$!
{
	archiveVersion = 1;
	classes = {
	};
	objectVersion = 46;
	objects = {

/* Begin PBXBuildFile section */
		ECA5EA271B1220A500801E09 /* Measurement.swift in Sources */ = {isa = PBXBuildFile; fileRef = ECA5EA1B1B1220A500801E09 /* Measurement.swift */; };
		ECA5EA2A1B1220A500801E09 /* Mass.swift in Sources */ = {isa = PBXBuildFile; fileRef = ECA5EA1E1B1220A500801E09 /* Mass.swift */; };
		ECA5EA2B1B1220A500801E09 /* MassUnit.swift in Sources */ = {isa = PBXBuildFile; fileRef = ECA5EA1F1B1220A500801E09 /* MassUnit.swift */; };
		ECA5EA2C1B1220A500801E09 /* UnitProtocol.swift in Sources */ = {isa = PBXBuildFile; fileRef = ECA5EA201B1220A500801E09 /* UnitProtocol.swift */; };
		ECA5EA2D1B1220A500801E09 /* ViewController.swift in Sources */ = {isa = PBXBuildFile; fileRef = ECA5EA211B1220A500801E09 /* ViewController.swift */; };
		ECA5EA2F1B1220A500801E09 /* AlternativeNamesManager.swift in Sources */ = {isa = PBXBuildFile; fileRef = ECA5EA231B1220A500801E09 /* AlternativeNamesManager.swift */; };
		ECA5EA301B1220A500801E09 /* VolumeUnit.swift in Sources */ = {isa = PBXBuildFile; fileRef = ECA5EA241B1220A500801E09 /* VolumeUnit.swift */; };
		ECA5EA311B1220A500801E09 /* Volume.swift in Sources */ = {isa = PBXBuildFile; fileRef = ECA5EA251B1220A500801E09 /* Volume.swift */; };
		ECA5EA321B1220A500801E09 /* AppDelegate.swift in Sources */ = {isa = PBXBuildFile; fileRef = ECA5EA261B1220A500801E09 /* AppDelegate.swift */; };
		ECA5EA441B1220D200801E09 /* Images.xcassets in Resources */ = {isa = PBXBuildFile; fileRef = ECA5EA3C1B1220D200801E09 /* Images.xcassets */; };
		ECA5EA571B1221DE00801E09 /* IndusValleyTests.swift in Sources */ = {isa = PBXBuildFile; fileRef = ECA5EA561B1221DE00801E09 /* IndusValleyTests.swift */; };
		ECA5EA5D1B1221FC00801E09 /* Arbitrary.swift in Sources */ = {isa = PBXBuildFile; fileRef = EC65BE521AEF759600E9B46F /* Arbitrary.swift */; };
		ECA5EA5E1B1221FC00801E09 /* VolumeTests.swift in Sources */ = {isa = PBXBuildFile; fileRef = EC3B4C3E1AE3BF0200342628 /* VolumeTests.swift */; };
		ECA5EA5F1B1221FC00801E09 /* MassTests.swift in Sources */ = {isa = PBXBuildFile; fileRef = EC3B4C511AE3C0F700342628 /* MassTests.swift */; };
		ECA5EA601B1221FC00801E09 /* XCTestCase+Helper.swift in Sources */ = {isa = PBXBuildFile; fileRef = EC0D2DF11AE833DE00595A61 /* XCTestCase+Helper.swift */; };
		ECA5EA6A1B1222D900801E09 /* Mass.swift in Sources */ = {isa = PBXBuildFile; fileRef = ECA5EA1E1B1220A500801E09 /* Mass.swift */; };
		ECA5EA6B1B1222D900801E09 /* MassUnit.swift in Sources */ = {isa = PBXBuildFile; fileRef = ECA5EA1F1B1220A500801E09 /* MassUnit.swift */; };
		ECA5EA6C1B1222D900801E09 /* UnitProtocol.swift in Sources */ = {isa = PBXBuildFile; fileRef = ECA5EA201B1220A500801E09 /* UnitProtocol.swift */; };
		ECA5EA6D1B1222D900801E09 /* ViewController.swift in Sources */ = {isa = PBXBuildFile; fileRef = ECA5EA211B1220A500801E09 /* ViewController.swift */; };
		ECA5EA6F1B1222D900801E09 /* AlternativeNamesManager.swift in Sources */ = {isa = PBXBuildFile; fileRef = ECA5EA231B1220A500801E09 /* AlternativeNamesManager.swift */; };
		ECA5EA701B1222D900801E09 /* VolumeUnit.swift in Sources */ = {isa = PBXBuildFile; fileRef = ECA5EA241B1220A500801E09 /* VolumeUnit.swift */; };
		ECA5EA711B1222D900801E09 /* Volume.swift in Sources */ = {isa = PBXBuildFile; fileRef = ECA5EA251B1220A500801E09 /* Volume.swift */; };
		ECA5EA731B1222E400801E09 /* Measurement.swift in Sources */ = {isa = PBXBuildFile; fileRef = ECA5EA1B1B1220A500801E09 /* Measurement.swift */; };
		ECA5EA941B1329D600801E09 /* Volume.strings in Resources */ = {isa = PBXBuildFile; fileRef = ECA5EA961B1329D600801E09 /* Volume.strings */; };
		ECA5EA9C1B1330E100801E09 /* Mass.strings in Resources */ = {isa = PBXBuildFile; fileRef = ECA5EA9E1B1330E100801E09 /* Mass.strings */; };
		ECE81DDE1B278B1E006E3182 /* Main.storyboard in Resources */ = {isa = PBXBuildFile; fileRef = ECE81DDD1B278B1E006E3182 /* Main.storyboard */; };
		ECE81DDF1B278BA9006E3182 /* Mass.strings in Resources */ = {isa = PBXBuildFile; fileRef = ECA5EA9E1B1330E100801E09 /* Mass.strings */; };
/* End PBXBuildFile section */

/* Begin PBXContainerItemProxy section */
		ECA5EA581B1221DE00801E09 /* PBXContainerItemProxy */ = {
			isa = PBXContainerItemProxy;
			containerPortal = EC3B4C1B1AE3BF0100342628 /* Project object */;
			proxyType = 1;
			remoteGlobalIDString = EC3B4C221AE3BF0100342628;
			remoteInfo = IndusValley;
		};
/* End PBXContainerItemProxy section */

/* Begin PBXFileReference section */
		EC0D2DF11AE833DE00595A61 /* XCTestCase+Helper.swift */ = {isa = PBXFileReference; fileEncoding = 4; lastKnownFileType = sourcecode.swift; name = "XCTestCase+Helper.swift"; path = "../Indus ValleyTests/XCTestCase+Helper.swift"; sourceTree = "<group>"; };
		EC3B4C231AE3BF0100342628 /* IndusValley.app */ = {isa = PBXFileReference; explicitFileType = wrapper.application; includeInIndex = 0; path = IndusValley.app; sourceTree = BUILT_PRODUCTS_DIR; };
		EC3B4C3E1AE3BF0200342628 /* VolumeTests.swift */ = {isa = PBXFileReference; lastKnownFileType = sourcecode.swift; name = VolumeTests.swift; path = "../Indus ValleyTests/VolumeTests.swift"; sourceTree = "<group>"; };
		EC3B4C511AE3C0F700342628 /* MassTests.swift */ = {isa = PBXFileReference; fileEncoding = 4; lastKnownFileType = sourcecode.swift; name = MassTests.swift; path = "../Indus ValleyTests/MassTests.swift"; sourceTree = "<group>"; };
		EC65BE521AEF759600E9B46F /* Arbitrary.swift */ = {isa = PBXFileReference; fileEncoding = 4; lastKnownFileType = sourcecode.swift; name = Arbitrary.swift; path = ../IndusValley/Arbitrary.swift; sourceTree = "<group>"; };
		ECA5EA1B1B1220A500801E09 /* Measurement.swift */ = {isa = PBXFileReference; fileEncoding = 4; lastKnownFileType = sourcecode.swift; name = Measurement.swift; path = IndusValley/Measurement.swift; sourceTree = SOURCE_ROOT; };
		ECA5EA1E1B1220A500801E09 /* Mass.swift */ = {isa = PBXFileReference; fileEncoding = 4; lastKnownFileType = sourcecode.swift; name = Mass.swift; path = IndusValley/Mass.swift; sourceTree = SOURCE_ROOT; };
		ECA5EA1F1B1220A500801E09 /* MassUnit.swift */ = {isa = PBXFileReference; fileEncoding = 4; lastKnownFileType = sourcecode.swift; name = MassUnit.swift; path = IndusValley/MassUnit.swift; sourceTree = SOURCE_ROOT; };
		ECA5EA201B1220A500801E09 /* UnitProtocol.swift */ = {isa = PBXFileReference; fileEncoding = 4; lastKnownFileType = sourcecode.swift; name = UnitProtocol.swift; path = IndusValley/UnitProtocol.swift; sourceTree = SOURCE_ROOT; };
		ECA5EA211B1220A500801E09 /* ViewController.swift */ = {isa = PBXFileReference; fileEncoding = 4; lastKnownFileType = sourcecode.swift; name = ViewController.swift; path = IndusValley/ViewController.swift; sourceTree = SOURCE_ROOT; };
		ECA5EA231B1220A500801E09 /* AlternativeNamesManager.swift */ = {isa = PBXFileReference; fileEncoding = 4; lastKnownFileType = sourcecode.swift; name = AlternativeNamesManager.swift; path = IndusValley/AlternativeNamesManager.swift; sourceTree = SOURCE_ROOT; };
		ECA5EA241B1220A500801E09 /* VolumeUnit.swift */ = {isa = PBXFileReference; fileEncoding = 4; lastKnownFileType = sourcecode.swift; name = VolumeUnit.swift; path = IndusValley/VolumeUnit.swift; sourceTree = SOURCE_ROOT; };
		ECA5EA251B1220A500801E09 /* Volume.swift */ = {isa = PBXFileReference; fileEncoding = 4; lastKnownFileType = sourcecode.swift; name = Volume.swift; path = IndusValley/Volume.swift; sourceTree = SOURCE_ROOT; };
		ECA5EA261B1220A500801E09 /* AppDelegate.swift */ = {isa = PBXFileReference; fileEncoding = 4; lastKnownFileType = sourcecode.swift; name = AppDelegate.swift; path = IndusValley/AppDelegate.swift; sourceTree = SOURCE_ROOT; };
		ECA5EA3C1B1220D200801E09 /* Images.xcassets */ = {isa = PBXFileReference; lastKnownFileType = folder.assetcatalog; name = Images.xcassets; path = IndusValley/Images.xcassets; sourceTree = SOURCE_ROOT; };
		ECA5EA3E1B1220D200801E09 /* Info.plist */ = {isa = PBXFileReference; fileEncoding = 4; lastKnownFileType = text.plist.xml; name = Info.plist; path = IndusValley/Info.plist; sourceTree = SOURCE_ROOT; };
		ECA5EA521B1221DE00801E09 /* IndusValleyTests.xctest */ = {isa = PBXFileReference; explicitFileType = wrapper.cfbundle; includeInIndex = 0; path = IndusValleyTests.xctest; sourceTree = BUILT_PRODUCTS_DIR; };
		ECA5EA551B1221DE00801E09 /* Info.plist */ = {isa = PBXFileReference; lastKnownFileType = text.plist.xml; path = Info.plist; sourceTree = "<group>"; };
		ECA5EA561B1221DE00801E09 /* IndusValleyTests.swift */ = {isa = PBXFileReference; lastKnownFileType = sourcecode.swift; path = IndusValleyTests.swift; sourceTree = "<group>"; };
		ECA5EA951B1329D600801E09 /* Base */ = {isa = PBXFileReference; lastKnownFileType = text.plist.strings; name = Base; path = Base.lproj/Volume.strings; sourceTree = "<group>"; };
		ECA5EA9D1B1330E100801E09 /* Base */ = {isa = PBXFileReference; lastKnownFileType = text.plist.strings; name = Base; path = Base.lproj/Mass.strings; sourceTree = "<group>"; };
		ECA5EA9F1B1330E500801E09 /* en */ = {isa = PBXFileReference; lastKnownFileType = text.plist.strings; name = en; path = en.lproj/Volume.strings; sourceTree = "<group>"; };
		ECA5EAA01B1330E800801E09 /* nb */ = {isa = PBXFileReference; lastKnownFileType = text.plist.strings; name = nb; path = nb.lproj/Volume.strings; sourceTree = "<group>"; };
		ECA5EAA11B1330EF00801E09 /* nb */ = {isa = PBXFileReference; lastKnownFileType = text.plist.strings; name = nb; path = nb.lproj/Mass.strings; sourceTree = "<group>"; };
		ECA5EAA21B1330F000801E09 /* en */ = {isa = PBXFileReference; lastKnownFileType = text.plist.strings; name = en; path = en.lproj/Mass.strings; sourceTree = "<group>"; };
		ECE81DDD1B278B1E006E3182 /* Main.storyboard */ = {isa = PBXFileReference; fileEncoding = 4; lastKnownFileType = file.storyboard; path = Main.storyboard; sourceTree = "<group>"; };
/* End PBXFileReference section */

/* Begin PBXFrameworksBuildPhase section */
		EC3B4C201AE3BF0100342628 /* Frameworks */ = {
			isa = PBXFrameworksBuildPhase;
			buildActionMask = 2147483647;
			files = (
			);
			runOnlyForDeploymentPostprocessing = 0;
		};
		ECA5EA4F1B1221DE00801E09 /* Frameworks */ = {
			isa = PBXFrameworksBuildPhase;
			buildActionMask = 2147483647;
			files = (
			);
			runOnlyForDeploymentPostprocessing = 0;
		};
/* End PBXFrameworksBuildPhase section */

/* Begin PBXGroup section */
		EC2752241B07967E0007125D /* Names */ = {
			isa = PBXGroup;
			children = (
			);
			name = Names;
			sourceTree = "<group>";
		};
		EC3B4C1A1AE3BF0100342628 = {
			isa = PBXGroup;
			children = (
				ECE81DDD1B278B1E006E3182 /* Main.storyboard */,
				EC3B4C251AE3BF0100342628 /* Indus Valley */,
				ECA5EA531B1221DE00801E09 /* IndusValleyTests */,
				EC3B4C241AE3BF0100342628 /* Products */,
			);
			sourceTree = "<group>";
		};
		EC3B4C241AE3BF0100342628 /* Products */ = {
			isa = PBXGroup;
			children = (
				EC3B4C231AE3BF0100342628 /* IndusValley.app */,
				ECA5EA521B1221DE00801E09 /* IndusValleyTests.xctest */,
			);
			name = Products;
			sourceTree = "<group>";
		};
		EC3B4C251AE3BF0100342628 /* Indus Valley */ = {
			isa = PBXGroup;
			children = (
				ECA5EA3C1B1220D200801E09 /* Images.xcassets */,
				ECA5EA3E1B1220D200801E09 /* Info.plist */,
				ECA5EA1E1B1220A500801E09 /* Mass.swift */,
				ECA5EA961B1329D600801E09 /* Volume.strings */,
				ECA5EA9E1B1330E100801E09 /* Mass.strings */,
				ECA5EA201B1220A500801E09 /* UnitProtocol.swift */,
				ECA5EA1B1B1220A500801E09 /* Measurement.swift */,
				ECA5EA211B1220A500801E09 /* ViewController.swift */,
				ECA5EA231B1220A500801E09 /* AlternativeNamesManager.swift */,
				ECA5EA1F1B1220A500801E09 /* MassUnit.swift */,
				ECA5EA241B1220A500801E09 /* VolumeUnit.swift */,
				ECA5EA251B1220A500801E09 /* Volume.swift */,
				ECA5EA261B1220A500801E09 /* AppDelegate.swift */,
				EC2752241B07967E0007125D /* Names */,
				EC3B4C261AE3BF0100342628 /* Supporting Files */,
			);
			path = "Indus Valley";
			sourceTree = "<group>";
		};
		EC3B4C261AE3BF0100342628 /* Supporting Files */ = {
			isa = PBXGroup;
			children = (
			);
			name = "Supporting Files";
			sourceTree = "<group>";
		};
		ECA5EA531B1221DE00801E09 /* IndusValleyTests */ = {
			isa = PBXGroup;
			children = (
				EC65BE521AEF759600E9B46F /* Arbitrary.swift */,
				EC3B4C3E1AE3BF0200342628 /* VolumeTests.swift */,
				EC3B4C511AE3C0F700342628 /* MassTests.swift */,
				EC0D2DF11AE833DE00595A61 /* XCTestCase+Helper.swift */,
				ECA5EA561B1221DE00801E09 /* IndusValleyTests.swift */,
				ECA5EA541B1221DE00801E09 /* Supporting Files */,
			);
			path = IndusValleyTests;
			sourceTree = "<group>";
		};
		ECA5EA541B1221DE00801E09 /* Supporting Files */ = {
			isa = PBXGroup;
			children = (
				ECA5EA551B1221DE00801E09 /* Info.plist */,
			);
			name = "Supporting Files";
			sourceTree = "<group>";
		};
/* End PBXGroup section */

/* Begin PBXNativeTarget section */
		EC3B4C221AE3BF0100342628 /* IndusValley */ = {
			isa = PBXNativeTarget;
			buildConfigurationList = EC3B4C421AE3BF0200342628 /* Build configuration list for PBXNativeTarget "IndusValley" */;
			buildPhases = (
				EC3B4C1F1AE3BF0100342628 /* Sources */,
				EC3B4C201AE3BF0100342628 /* Frameworks */,
				EC3B4C211AE3BF0100342628 /* Resources */,
			);
			buildRules = (
			);
			dependencies = (
			);
			name = IndusValley;
			productName = "Indus Valley";
			productReference = EC3B4C231AE3BF0100342628 /* IndusValley.app */;
			productType = "com.apple.product-type.application";
		};
		ECA5EA511B1221DE00801E09 /* IndusValleyTests */ = {
			isa = PBXNativeTarget;
			buildConfigurationList = ECA5EA5A1B1221DE00801E09 /* Build configuration list for PBXNativeTarget "IndusValleyTests" */;
			buildPhases = (
				ECA5EA4E1B1221DE00801E09 /* Sources */,
				ECA5EA4F1B1221DE00801E09 /* Frameworks */,
				ECA5EA501B1221DE00801E09 /* Resources */,
			);
			buildRules = (
			);
			dependencies = (
				ECA5EA591B1221DE00801E09 /* PBXTargetDependency */,
			);
			name = IndusValleyTests;
			productName = IndusValleyTests;
			productReference = ECA5EA521B1221DE00801E09 /* IndusValleyTests.xctest */;
			productType = "com.apple.product-type.bundle.unit-test";
		};
/* End PBXNativeTarget section */

/* Begin PBXProject section */
		EC3B4C1B1AE3BF0100342628 /* Project object */ = {
			isa = PBXProject;
			attributes = {
				LastSwiftUpdateCheck = 0700;
				LastUpgradeCheck = 0630;
				ORGANIZATIONNAME = haaakon;
				TargetAttributes = {
					EC3B4C221AE3BF0100342628 = {
						CreatedOnToolsVersion = 6.3;
					};
					ECA5EA511B1221DE00801E09 = {
						CreatedOnToolsVersion = 6.3.1;
						TestTargetID = EC3B4C221AE3BF0100342628;
					};
				};
			};
			buildConfigurationList = EC3B4C1E1AE3BF0100342628 /* Build configuration list for PBXProject "IndusValley" */;
			compatibilityVersion = "Xcode 3.2";
			developmentRegion = English;
			hasScannedForEncodings = 0;
			knownRegions = (
				en,
				Base,
				nb,
			);
			mainGroup = EC3B4C1A1AE3BF0100342628;
			productRefGroup = EC3B4C241AE3BF0100342628 /* Products */;
			projectDirPath = "";
			projectRoot = "";
			targets = (
				EC3B4C221AE3BF0100342628 /* IndusValley */,
				ECA5EA511B1221DE00801E09 /* IndusValleyTests */,
			);
		};
/* End PBXProject section */

/* Begin PBXResourcesBuildPhase section */
		EC3B4C211AE3BF0100342628 /* Resources */ = {
			isa = PBXResourcesBuildPhase;
			buildActionMask = 2147483647;
			files = (
				ECA5EA941B1329D600801E09 /* Volume.strings in Resources */,
				ECA5EA9C1B1330E100801E09 /* Mass.strings in Resources */,
				ECA5EA441B1220D200801E09 /* Images.xcassets in Resources */,
				ECE81DDE1B278B1E006E3182 /* Main.storyboard in Resources */,
			);
			runOnlyForDeploymentPostprocessing = 0;
		};
		ECA5EA501B1221DE00801E09 /* Resources */ = {
			isa = PBXResourcesBuildPhase;
			buildActionMask = 2147483647;
			files = (
				ECE81DDF1B278BA9006E3182 /* Mass.strings in Resources */,
			);
			runOnlyForDeploymentPostprocessing = 0;
		};
/* End PBXResourcesBuildPhase section */

/* Begin PBXSourcesBuildPhase section */
		EC3B4C1F1AE3BF0100342628 /* Sources */ = {
			isa = PBXSourcesBuildPhase;
			buildActionMask = 2147483647;
			files = (
				ECA5EA2D1B1220A500801E09 /* ViewController.swift in Sources */,
				ECA5EA301B1220A500801E09 /* VolumeUnit.swift in Sources */,
				ECA5EA321B1220A500801E09 /* AppDelegate.swift in Sources */,
				ECA5EA2A1B1220A500801E09 /* Mass.swift in Sources */,
				ECA5EA271B1220A500801E09 /* Measurement.swift in Sources */,
				ECA5EA2F1B1220A500801E09 /* AlternativeNamesManager.swift in Sources */,
				ECA5EA2B1B1220A500801E09 /* MassUnit.swift in Sources */,
				ECA5EA2C1B1220A500801E09 /* UnitProtocol.swift in Sources */,
				ECA5EA311B1220A500801E09 /* Volume.swift in Sources */,
			);
			runOnlyForDeploymentPostprocessing = 0;
		};
		ECA5EA4E1B1221DE00801E09 /* Sources */ = {
			isa = PBXSourcesBuildPhase;
			buildActionMask = 2147483647;
			files = (
				ECA5EA6B1B1222D900801E09 /* MassUnit.swift in Sources */,
				ECA5EA601B1221FC00801E09 /* XCTestCase+Helper.swift in Sources */,
				ECA5EA5D1B1221FC00801E09 /* Arbitrary.swift in Sources */,
				ECA5EA6F1B1222D900801E09 /* AlternativeNamesManager.swift in Sources */,
				ECA5EA6D1B1222D900801E09 /* ViewController.swift in Sources */,
				ECA5EA731B1222E400801E09 /* Measurement.swift in Sources */,
				ECA5EA5F1B1221FC00801E09 /* MassTests.swift in Sources */,
				ECA5EA711B1222D900801E09 /* Volume.swift in Sources */,
				ECA5EA5E1B1221FC00801E09 /* VolumeTests.swift in Sources */,
				ECA5EA571B1221DE00801E09 /* IndusValleyTests.swift in Sources */,
				ECA5EA6A1B1222D900801E09 /* Mass.swift in Sources */,
				ECA5EA6C1B1222D900801E09 /* UnitProtocol.swift in Sources */,
				ECA5EA701B1222D900801E09 /* VolumeUnit.swift in Sources */,
			);
			runOnlyForDeploymentPostprocessing = 0;
		};
/* End PBXSourcesBuildPhase section */

/* Begin PBXTargetDependency section */
		ECA5EA591B1221DE00801E09 /* PBXTargetDependency */ = {
			isa = PBXTargetDependency;
			target = EC3B4C221AE3BF0100342628 /* IndusValley */;
			targetProxy = ECA5EA581B1221DE00801E09 /* PBXContainerItemProxy */;
		};
/* End PBXTargetDependency section */

/* Begin PBXVariantGroup section */
		ECA5EA961B1329D600801E09 /* Volume.strings */ = {
			isa = PBXVariantGroup;
			children = (
				ECA5EA951B1329D600801E09 /* Base */,
				ECA5EA9F1B1330E500801E09 /* en */,
				ECA5EAA01B1330E800801E09 /* nb */,
			);
			name = Volume.strings;
			path = IndusValley;
			sourceTree = SOURCE_ROOT;
		};
		ECA5EA9E1B1330E100801E09 /* Mass.strings */ = {
			isa = PBXVariantGroup;
			children = (
				ECA5EA9D1B1330E100801E09 /* Base */,
				ECA5EAA11B1330EF00801E09 /* nb */,
				ECA5EAA21B1330F000801E09 /* en */,
			);
			name = Mass.strings;
			path = IndusValley;
			sourceTree = SOURCE_ROOT;
		};
/* End PBXVariantGroup section */

/* Begin XCBuildConfiguration section */
		EC3B4C401AE3BF0200342628 /* Debug */ = {
			isa = XCBuildConfiguration;
			buildSettings = {
				ALWAYS_SEARCH_USER_PATHS = NO;
				CLANG_CXX_LANGUAGE_STANDARD = "gnu++0x";
				CLANG_CXX_LIBRARY = "libc++";
				CLANG_ENABLE_MODULES = YES;
				CLANG_ENABLE_OBJC_ARC = YES;
				CLANG_WARN_BOOL_CONVERSION = YES;
				CLANG_WARN_CONSTANT_CONVERSION = YES;
				CLANG_WARN_DIRECT_OBJC_ISA_USAGE = YES_ERROR;
				CLANG_WARN_EMPTY_BODY = YES;
				CLANG_WARN_ENUM_CONVERSION = YES;
				CLANG_WARN_INT_CONVERSION = YES;
				CLANG_WARN_OBJC_ROOT_CLASS = YES_ERROR;
				CLANG_WARN_UNREACHABLE_CODE = YES;
				CLANG_WARN__DUPLICATE_METHOD_MATCH = YES;
				"CODE_SIGN_IDENTITY[sdk=iphoneos*]" = "iPhone Developer";
				COPY_PHASE_STRIP = NO;
				DEBUG_INFORMATION_FORMAT = "dwarf-with-dsym";
				ENABLE_STRICT_OBJC_MSGSEND = YES;
				GCC_C_LANGUAGE_STANDARD = gnu99;
				GCC_DYNAMIC_NO_PIC = NO;
				GCC_NO_COMMON_BLOCKS = YES;
				GCC_OPTIMIZATION_LEVEL = 0;
				GCC_PREPROCESSOR_DEFINITIONS = (
					"DEBUG=1",
					"$(inherited)",
				);
				GCC_SYMBOLS_PRIVATE_EXTERN = NO;
				GCC_WARN_64_TO_32_BIT_CONVERSION = YES;
				GCC_WARN_ABOUT_RETURN_TYPE = YES_ERROR;
				GCC_WARN_UNDECLARED_SELECTOR = YES;
				GCC_WARN_UNINITIALIZED_AUTOS = YES_AGGRESSIVE;
				GCC_WARN_UNUSED_FUNCTION = YES;
				GCC_WARN_UNUSED_VARIABLE = YES;
				IPHONEOS_DEPLOYMENT_TARGET = 8.3;
				MTL_ENABLE_DEBUG_INFO = YES;
				ONLY_ACTIVE_ARCH = YES;
				SDKROOT = iphoneos;
				SWIFT_OPTIMIZATION_LEVEL = "-Onone";
				TARGETED_DEVICE_FAMILY = "1,2";
			};
			name = Debug;
		};
		EC3B4C411AE3BF0200342628 /* Release */ = {
			isa = XCBuildConfiguration;
			buildSettings = {
				ALWAYS_SEARCH_USER_PATHS = NO;
				CLANG_CXX_LANGUAGE_STANDARD = "gnu++0x";
				CLANG_CXX_LIBRARY = "libc++";
				CLANG_ENABLE_MODULES = YES;
				CLANG_ENABLE_OBJC_ARC = YES;
				CLANG_WARN_BOOL_CONVERSION = YES;
				CLANG_WARN_CONSTANT_CONVERSION = YES;
				CLANG_WARN_DIRECT_OBJC_ISA_USAGE = YES_ERROR;
				CLANG_WARN_EMPTY_BODY = YES;
				CLANG_WARN_ENUM_CONVERSION = YES;
				CLANG_WARN_INT_CONVERSION = YES;
				CLANG_WARN_OBJC_ROOT_CLASS = YES_ERROR;
				CLANG_WARN_UNREACHABLE_CODE = YES;
				CLANG_WARN__DUPLICATE_METHOD_MATCH = YES;
				"CODE_SIGN_IDENTITY[sdk=iphoneos*]" = "iPhone Developer";
				COPY_PHASE_STRIP = NO;
				DEBUG_INFORMATION_FORMAT = "dwarf-with-dsym";
				ENABLE_NS_ASSERTIONS = NO;
				ENABLE_STRICT_OBJC_MSGSEND = YES;
				GCC_C_LANGUAGE_STANDARD = gnu99;
				GCC_NO_COMMON_BLOCKS = YES;
				GCC_WARN_64_TO_32_BIT_CONVERSION = YES;
				GCC_WARN_ABOUT_RETURN_TYPE = YES_ERROR;
				GCC_WARN_UNDECLARED_SELECTOR = YES;
				GCC_WARN_UNINITIALIZED_AUTOS = YES_AGGRESSIVE;
				GCC_WARN_UNUSED_FUNCTION = YES;
				GCC_WARN_UNUSED_VARIABLE = YES;
				IPHONEOS_DEPLOYMENT_TARGET = 8.3;
				MTL_ENABLE_DEBUG_INFO = NO;
				SDKROOT = iphoneos;
				TARGETED_DEVICE_FAMILY = "1,2";
				VALIDATE_PRODUCT = YES;
			};
			name = Release;
		};
		EC3B4C431AE3BF0200342628 /* Debug */ = {
			isa = XCBuildConfiguration;
			buildSettings = {
				ASSETCATALOG_COMPILER_APPICON_NAME = AppIcon;
				ASSETCATALOG_COMPILER_LAUNCHIMAGE_NAME = LaunchImage;
				CLANG_ENABLE_MODULES = YES;
				CODE_SIGN_IDENTITY = "iPhone Developer";
				ENABLE_TESTABILITY = YES;
				GCC_GENERATE_TEST_COVERAGE_FILES = YES;
				INFOPLIST_FILE = "$(SRCROOT)/IndusValley/Info.plist";
				LD_RUNPATH_SEARCH_PATHS = "$(inherited) @executable_path/Frameworks";
				MODULE_NAME = IndusValley;
				PRODUCT_NAME = IndusValley;
				SWIFT_OPTIMIZATION_LEVEL = "-Onone";
				TARGETED_DEVICE_FAMILY = "1,2";
			};
			name = Debug;
		};
		EC3B4C441AE3BF0200342628 /* Release */ = {
			isa = XCBuildConfiguration;
			buildSettings = {
				ASSETCATALOG_COMPILER_APPICON_NAME = AppIcon;
				ASSETCATALOG_COMPILER_LAUNCHIMAGE_NAME = LaunchImage;
				CLANG_ENABLE_MODULES = YES;
				CODE_SIGN_IDENTITY = "iPhone Developer";
				ENABLE_TESTABILITY = YES;
				GCC_GENERATE_TEST_COVERAGE_FILES = YES;
				INFOPLIST_FILE = "$(SRCROOT)/IndusValley/Info.plist";
				LD_RUNPATH_SEARCH_PATHS = "$(inherited) @executable_path/Frameworks";
				MODULE_NAME = IndusValley;
				PRODUCT_NAME = IndusValley;
				TARGETED_DEVICE_FAMILY = "1,2";
			};
			name = Release;
		};
		ECA5EA5B1B1221DE00801E09 /* Debug */ = {
			isa = XCBuildConfiguration;
			buildSettings = {
				BUNDLE_LOADER = "$(TEST_HOST)";
				FRAMEWORK_SEARCH_PATHS = (
					"$(SDKROOT)/Developer/Library/Frameworks",
					"$(inherited)",
				);
				GCC_PREPROCESSOR_DEFINITIONS = (
					"DEBUG=1",
					"$(inherited)",
				);
				INFOPLIST_FILE = IndusValleyTests/Info.plist;
				LD_RUNPATH_SEARCH_PATHS = "$(inherited) @executable_path/Frameworks @loader_path/Frameworks";
				PRODUCT_NAME = "$(TARGET_NAME)";
				TEST_HOST = "$(BUILT_PRODUCTS_DIR)/IndusValley.app/IndusValley";
			};
			name = Debug;
		};
		ECA5EA5C1B1221DE00801E09 /* Release */ = {
			isa = XCBuildConfiguration;
			buildSettings = {
				BUNDLE_LOADER = "$(TEST_HOST)";
				FRAMEWORK_SEARCH_PATHS = (
					"$(SDKROOT)/Developer/Library/Frameworks",
					"$(inherited)",
				);
				INFOPLIST_FILE = IndusValleyTests/Info.plist;
				LD_RUNPATH_SEARCH_PATHS = "$(inherited) @executable_path/Frameworks @loader_path/Frameworks";
				PRODUCT_NAME = "$(TARGET_NAME)";
				TEST_HOST = "$(BUILT_PRODUCTS_DIR)/IndusValley.app/IndusValley";
			};
			name = Release;
		};
/* End XCBuildConfiguration section */

/* Begin XCConfigurationList section */
		EC3B4C1E1AE3BF0100342628 /* Build configuration list for PBXProject "IndusValley" */ = {
			isa = XCConfigurationList;
			buildConfigurations = (
				EC3B4C401AE3BF0200342628 /* Debug */,
				EC3B4C411AE3BF0200342628 /* Release */,
			);
			defaultConfigurationIsVisible = 0;
			defaultConfigurationName = Release;
		};
		EC3B4C421AE3BF0200342628 /* Build configuration list for PBXNativeTarget "IndusValley" */ = {
			isa = XCConfigurationList;
			buildConfigurations = (
				EC3B4C431AE3BF0200342628 /* Debug */,
				EC3B4C441AE3BF0200342628 /* Release */,
			);
			defaultConfigurationIsVisible = 0;
			defaultConfigurationName = Release;
		};
		ECA5EA5A1B1221DE00801E09 /* Build configuration list for PBXNativeTarget "IndusValleyTests" */ = {
			isa = XCConfigurationList;
			buildConfigurations = (
				ECA5EA5B1B1221DE00801E09 /* Debug */,
				ECA5EA5C1B1221DE00801E09 /* Release */,
			);
			defaultConfigurationIsVisible = 0;
			defaultConfigurationName = Release;
		};
/* End XCConfigurationList section */
	};
	rootObject = EC3B4C1B1AE3BF0100342628 /* Project object */;
}
